
Microsoft Visual Studio Solution File, Format Version 12.00
# Visual Studio Version 16
VisualStudioVersion = 16.0.30804.86
MinimumVisualStudioVersion = 10.0.40219.1
Project("{9A19103F-16F7-4668-BE54-9A1E7A4F7556}") = "KampIntro", "KampIntro\KampIntro.csproj", "{E75094F0-B309-42CB-86AF-37788CB4739F}"
EndProject
Project("{9A19103F-16F7-4668-BE54-9A1E7A4F7556}") = "Donguler", "Donguler\Donguler.csproj", "{F0EF02C5-571A-4E1C-AF3D-A75C6175A019}"
EndProject
Project("{9A19103F-16F7-4668-BE54-9A1E7A4F7556}") = "ClassIntro", "ClassIntro\ClassIntro.csproj", "{D1CCF80D-1D73-4792-8439-7170DF16BACD}"
EndProject
Project("{FAE04EC0-301F-11D3-BF4B-00C04F79EFBC}") = "Methots", "Methots\Methots.csproj", "{C6FD83D6-4CA2-4104-9AA7-CDC1B1DBC049}"
EndProject
Project("{FAE04EC0-301F-11D3-BF4B-00C04F79EFBC}") = "Mathmatics", "Mathmatics\Mathmatics.csproj", "{CF9408BD-58B4-497B-A4B8-73E66353A88C}"
EndProject
Project("{FAE04EC0-301F-11D3-BF4B-00C04F79EFBC}") = "ValuesAndReferanceTypes", "ValuesAndReferanceTypes\ValuesAndReferanceTypes.csproj", "{65859D96-8D4D-4BC5-8C93-C3E83FD250A4}"
EndProject
Global
	GlobalSection(SolutionConfigurationPlatforms) = preSolution
		Debug|Any CPU = Debug|Any CPU
		Release|Any CPU = Release|Any CPU
	EndGlobalSection
	GlobalSection(ProjectConfigurationPlatforms) = postSolution
		{E75094F0-B309-42CB-86AF-37788CB4739F}.Debug|Any CPU.ActiveCfg = Debug|Any CPU
		{E75094F0-B309-42CB-86AF-37788CB4739F}.Debug|Any CPU.Build.0 = Debug|Any CPU
		{E75094F0-B309-42CB-86AF-37788CB4739F}.Release|Any CPU.ActiveCfg = Release|Any CPU
		{E75094F0-B309-42CB-86AF-37788CB4739F}.Release|Any CPU.Build.0 = Release|Any CPU
		{F0EF02C5-571A-4E1C-AF3D-A75C6175A019}.Debug|Any CPU.ActiveCfg = Debug|Any CPU
		{F0EF02C5-571A-4E1C-AF3D-A75C6175A019}.Debug|Any CPU.Build.0 = Debug|Any CPU
		{F0EF02C5-571A-4E1C-AF3D-A75C6175A019}.Release|Any CPU.ActiveCfg = Release|Any CPU
		{F0EF02C5-571A-4E1C-AF3D-A75C6175A019}.Release|Any CPU.Build.0 = Release|Any CPU
		{D1CCF80D-1D73-4792-8439-7170DF16BACD}.Debug|Any CPU.ActiveCfg = Debug|Any CPU
		{D1CCF80D-1D73-4792-8439-7170DF16BACD}.Debug|Any CPU.Build.0 = Debug|Any CPU
		{D1CCF80D-1D73-4792-8439-7170DF16BACD}.Release|Any CPU.ActiveCfg = Release|Any CPU
		{D1CCF80D-1D73-4792-8439-7170DF16BACD}.Release|Any CPU.Build.0 = Release|Any CPU
		{C6FD83D6-4CA2-4104-9AA7-CDC1B1DBC049}.Debug|Any CPU.ActiveCfg = Debug|Any CPU
		{C6FD83D6-4CA2-4104-9AA7-CDC1B1DBC049}.Debug|Any CPU.Build.0 = Debug|Any CPU
		{C6FD83D6-4CA2-4104-9AA7-CDC1B1DBC049}.Release|Any CPU.ActiveCfg = Release|Any CPU
		{C6FD83D6-4CA2-4104-9AA7-CDC1B1DBC049}.Release|Any CPU.Build.0 = Release|Any CPU
		{CF9408BD-58B4-497B-A4B8-73E66353A88C}.Debug|Any CPU.ActiveCfg = Debug|Any CPU
		{CF9408BD-58B4-497B-A4B8-73E66353A88C}.Debug|Any CPU.Build.0 = Debug|Any CPU
		{CF9408BD-58B4-497B-A4B8-73E66353A88C}.Release|Any CPU.ActiveCfg = Release|Any CPU
		{CF9408BD-58B4-497B-A4B8-73E66353A88C}.Release|Any CPU.Build.0 = Release|Any CPU
		{65859D96-8D4D-4BC5-8C93-C3E83FD250A4}.Debug|Any CPU.ActiveCfg = Debug|Any CPU
		{65859D96-8D4D-4BC5-8C93-C3E83FD250A4}.Debug|Any CPU.Build.0 = Debug|Any CPU
		{65859D96-8D4D-4BC5-8C93-C3E83FD250A4}.Release|Any CPU.ActiveCfg = Release|Any CPU
		{65859D96-8D4D-4BC5-8C93-C3E83FD250A4}.Release|Any CPU.Build.0 = Release|Any CPU
	EndGlobalSection
	GlobalSection(SolutionProperties) = preSolution
		HideSolutionNode = FALSE
	EndGlobalSection
	GlobalSection(ExtensibilityGlobals) = postSolution
		SolutionGuid = {7995CB7B-6D64-4452-95B7-10B36D5F906A}
	EndGlobalSection
EndGlobal
